
Microsoft Visual Studio Solution File, Format Version 12.00
# Visual Studio Version 16
VisualStudioVersion = 25.0.1706.12
MinimumVisualStudioVersion = 10.0.40219.1
Project("{FAE04EC0-301F-11D3-BF4B-00C04F79EFBC}") = "Singleton", "Singleton\Singleton.csproj", "{77FECBC4-2EB9-4ADC-B92A-DB62F99D544E}"
EndProject
Global
	GlobalSection(SolutionConfigurationPlatforms) = preSolution
		Debug|Any CPU = Debug|Any CPU
		Release|Any CPU = Release|Any CPU
	EndGlobalSection
	GlobalSection(ProjectConfigurationPlatforms) = postSolution
		{77FECBC4-2EB9-4ADC-B92A-DB62F99D544E}.Debug|Any CPU.ActiveCfg = Debug|Any CPU
		{77FECBC4-2EB9-4ADC-B92A-DB62F99D544E}.Debug|Any CPU.Build.0 = Debug|Any CPU
		{77FECBC4-2EB9-4ADC-B92A-DB62F99D544E}.Release|Any CPU.ActiveCfg = Release|Any CPU
		{77FECBC4-2EB9-4ADC-B92A-DB62F99D544E}.Release|Any CPU.Build.0 = Release|Any CPU
	EndGlobalSection
	GlobalSection(SolutionProperties) = preSolution
		HideSolutionNode = FALSE
	EndGlobalSection
	GlobalSection(ExtensibilityGlobals) = postSolution
		SolutionGuid = {E897BC6F-50B9-41FC-9498-B03E35864D37}
	EndGlobalSection
EndGlobal
